
Microsoft Visual Studio Solution File, Format Version 12.00
# Visual Studio Version 16
VisualStudioVersion = 16.0.30128.74
MinimumVisualStudioVersion = 10.0.40219.1
Project("{FAE04EC0-301F-11D3-BF4B-00C04F79EFBC}") = "SpecFlowTests", "SpecFlowTests\SpecFlowTests.csproj", "{2D52EA7A-3E40-4724-8051-44EDBEDB5FE6}"
EndProject
Project("{FAE04EC0-301F-11D3-BF4B-00C04F79EFBC}") = "TestUtils", "TestUtils\TestUtils.csproj", "{12AB7C72-B277-4320-AD28-5A2E09372CF2}"
EndProject
Project("{FAE04EC0-301F-11D3-BF4B-00C04F79EFBC}") = "DomainObjects", "DomainObjects\DomainObjects.csproj", "{BD6C0832-AC8D-4410-A4FE-D05E5BA3F7C8}"
EndProject
Global
	GlobalSection(SolutionConfigurationPlatforms) = preSolution
		Debug|Any CPU = Debug|Any CPU
		Release|Any CPU = Release|Any CPU
	EndGlobalSection
	GlobalSection(ProjectConfigurationPlatforms) = postSolution
		{2D52EA7A-3E40-4724-8051-44EDBEDB5FE6}.Debug|Any CPU.ActiveCfg = Debug|Any CPU
		{2D52EA7A-3E40-4724-8051-44EDBEDB5FE6}.Debug|Any CPU.Build.0 = Debug|Any CPU
		{2D52EA7A-3E40-4724-8051-44EDBEDB5FE6}.Release|Any CPU.ActiveCfg = Release|Any CPU
		{2D52EA7A-3E40-4724-8051-44EDBEDB5FE6}.Release|Any CPU.Build.0 = Release|Any CPU
		{12AB7C72-B277-4320-AD28-5A2E09372CF2}.Debug|Any CPU.ActiveCfg = Debug|Any CPU
		{12AB7C72-B277-4320-AD28-5A2E09372CF2}.Debug|Any CPU.Build.0 = Debug|Any CPU
		{12AB7C72-B277-4320-AD28-5A2E09372CF2}.Release|Any CPU.ActiveCfg = Release|Any CPU
		{12AB7C72-B277-4320-AD28-5A2E09372CF2}.Release|Any CPU.Build.0 = Release|Any CPU
		{BD6C0832-AC8D-4410-A4FE-D05E5BA3F7C8}.Debug|Any CPU.ActiveCfg = Debug|Any CPU
		{BD6C0832-AC8D-4410-A4FE-D05E5BA3F7C8}.Debug|Any CPU.Build.0 = Debug|Any CPU
		{BD6C0832-AC8D-4410-A4FE-D05E5BA3F7C8}.Release|Any CPU.ActiveCfg = Release|Any CPU
		{BD6C0832-AC8D-4410-A4FE-D05E5BA3F7C8}.Release|Any CPU.Build.0 = Release|Any CPU
	EndGlobalSection
	GlobalSection(SolutionProperties) = preSolution
		HideSolutionNode = FALSE
	EndGlobalSection
	GlobalSection(ExtensibilityGlobals) = postSolution
		SolutionGuid = {41EDC823-6F88-4DC5-AC2C-F89ACBFC1E8A}
	EndGlobalSection
EndGlobal
